
Microsoft Visual Studio Solution File, Format Version 12.00
# Visual Studio Version 16
VisualStudioVersion = 16.0.30413.136
MinimumVisualStudioVersion = 10.0.40219.1
Project("{FAE04EC0-301F-11D3-BF4B-00C04F79EFBC}") = "Uppgift2komplitering", "Uppgift2komplitering\Uppgift2komplitering.csproj", "{9C0AA038-A980-49F0-9D40-5971D7E5517D}"
EndProject
Global
	GlobalSection(SolutionConfigurationPlatforms) = preSolution
		Debug|Any CPU = Debug|Any CPU
		Release|Any CPU = Release|Any CPU
	EndGlobalSection
	GlobalSection(ProjectConfigurationPlatforms) = postSolution
		{9C0AA038-A980-49F0-9D40-5971D7E5517D}.Debug|Any CPU.ActiveCfg = Debug|Any CPU
		{9C0AA038-A980-49F0-9D40-5971D7E5517D}.Debug|Any CPU.Build.0 = Debug|Any CPU
		{9C0AA038-A980-49F0-9D40-5971D7E5517D}.Release|Any CPU.ActiveCfg = Release|Any CPU
		{9C0AA038-A980-49F0-9D40-5971D7E5517D}.Release|Any CPU.Build.0 = Release|Any CPU
	EndGlobalSection
	GlobalSection(SolutionProperties) = preSolution
		HideSolutionNode = FALSE
	EndGlobalSection
	GlobalSection(ExtensibilityGlobals) = postSolution
		SolutionGuid = {F39AB497-C9DA-43A4-BC4A-EE6722010758}
	EndGlobalSection
EndGlobal
